
Microsoft Visual Studio Solution File, Format Version 12.00
# Visual Studio Version 16
VisualStudioVersion = 16.0.30104.148
MinimumVisualStudioVersion = 10.0.40219.1
Project("{9A19103F-16F7-4668-BE54-9A1E7A4F7556}") = "PlantConstructor.EntityFramework", "PlantConstructor.EntityFramework\PlantConstructor.EntityFramework.csproj", "{5A72A7FF-B050-4DAD-939E-4C9ED3C22F82}"
EndProject
Project("{FAE04EC0-301F-11D3-BF4B-00C04F79EFBC}") = "PlantConstructor.WPF", "PlantConstructor.WPF\PlantConstructor.WPF.csproj", "{78F2604D-C3A5-48AF-9B4E-A3A88C47DC01}"
EndProject
Global
	GlobalSection(SolutionConfigurationPlatforms) = preSolution
		Debug|Any CPU = Debug|Any CPU
		Release|Any CPU = Release|Any CPU
	EndGlobalSection
	GlobalSection(ProjectConfigurationPlatforms) = postSolution
		{5A72A7FF-B050-4DAD-939E-4C9ED3C22F82}.Debug|Any CPU.ActiveCfg = Debug|Any CPU
		{5A72A7FF-B050-4DAD-939E-4C9ED3C22F82}.Debug|Any CPU.Build.0 = Debug|Any CPU
		{5A72A7FF-B050-4DAD-939E-4C9ED3C22F82}.Release|Any CPU.ActiveCfg = Release|Any CPU
		{5A72A7FF-B050-4DAD-939E-4C9ED3C22F82}.Release|Any CPU.Build.0 = Release|Any CPU
		{78F2604D-C3A5-48AF-9B4E-A3A88C47DC01}.Debug|Any CPU.ActiveCfg = Debug|Any CPU
		{78F2604D-C3A5-48AF-9B4E-A3A88C47DC01}.Debug|Any CPU.Build.0 = Debug|Any CPU
		{78F2604D-C3A5-48AF-9B4E-A3A88C47DC01}.Release|Any CPU.ActiveCfg = Release|Any CPU
		{78F2604D-C3A5-48AF-9B4E-A3A88C47DC01}.Release|Any CPU.Build.0 = Release|Any CPU
	EndGlobalSection
	GlobalSection(SolutionProperties) = preSolution
		HideSolutionNode = FALSE
	EndGlobalSection
	GlobalSection(ExtensibilityGlobals) = postSolution
		SolutionGuid = {8175C672-8164-482E-9E6D-E7BF4932364C}
	EndGlobalSection
EndGlobal
